
Microsoft Visual Studio Solution File, Format Version 12.00
# Visual Studio Version 17
VisualStudioVersion = 17.13.35919.96 d17.13
MinimumVisualStudioVersion = 10.0.40219.1
Project("{FAE04EC0-301F-11D3-BF4B-00C04F79EFBC}") = "OpenGL2D", "OpenGL2D.csproj", "{1539E3E8-8278-40F4-836E-0752AD84947D}"
EndProject
Global
	GlobalSection(SolutionConfigurationPlatforms) = preSolution
		Debug|Any CPU = Debug|Any CPU
		Release|Any CPU = Release|Any CPU
	EndGlobalSection
	GlobalSection(ProjectConfigurationPlatforms) = postSolution
		{1539E3E8-8278-40F4-836E-0752AD84947D}.Debug|Any CPU.ActiveCfg = Debug|Any CPU
		{1539E3E8-8278-40F4-836E-0752AD84947D}.Debug|Any CPU.Build.0 = Debug|Any CPU
		{1539E3E8-8278-40F4-836E-0752AD84947D}.Release|Any CPU.ActiveCfg = Release|Any CPU
		{1539E3E8-8278-40F4-836E-0752AD84947D}.Release|Any CPU.Build.0 = Release|Any CPU
	EndGlobalSection
	GlobalSection(SolutionProperties) = preSolution
		HideSolutionNode = FALSE
	EndGlobalSection
	GlobalSection(ExtensibilityGlobals) = postSolution
		SolutionGuid = {F4FFFAF3-3A2D-4CBC-8D9E-EB7829F2B15E}
	EndGlobalSection
EndGlobal
